
Microsoft Visual Studio Solution File, Format Version 12.00
# Visual Studio Version 16
VisualStudioVersion = 16.0.30204.135
MinimumVisualStudioVersion = 10.0.40219.1
Project("{FAE04EC0-301F-11D3-BF4B-00C04F79EFBC}") = "ProgAvanzTarea1", "ProgAvanzTarea1\ProgAvanzTarea1.csproj", "{E80715A8-8806-4BAB-9CA1-918EAA34E075}"
EndProject
Project("{9A19103F-16F7-4668-BE54-9A1E7A4F7556}") = "ProgAvanzTarea1.Core", "ProgAvanzTarea1.Core\ProgAvanzTarea1.Core.csproj", "{52F39715-1292-40E0-BA50-D8892EC65C88}"
EndProject
Global
	GlobalSection(SolutionConfigurationPlatforms) = preSolution
		Debug|Any CPU = Debug|Any CPU
		Debug|ARM = Debug|ARM
		Debug|ARM64 = Debug|ARM64
		Debug|x64 = Debug|x64
		Debug|x86 = Debug|x86
		Release|Any CPU = Release|Any CPU
		Release|ARM = Release|ARM
		Release|ARM64 = Release|ARM64
		Release|x64 = Release|x64
		Release|x86 = Release|x86
	EndGlobalSection
	GlobalSection(ProjectConfigurationPlatforms) = postSolution
		{E80715A8-8806-4BAB-9CA1-918EAA34E075}.Debug|Any CPU.ActiveCfg = Debug|x86
		{E80715A8-8806-4BAB-9CA1-918EAA34E075}.Debug|ARM.ActiveCfg = Debug|ARM
		{E80715A8-8806-4BAB-9CA1-918EAA34E075}.Debug|ARM.Build.0 = Debug|ARM
		{E80715A8-8806-4BAB-9CA1-918EAA34E075}.Debug|ARM.Deploy.0 = Debug|ARM
		{E80715A8-8806-4BAB-9CA1-918EAA34E075}.Debug|ARM64.ActiveCfg = Debug|ARM64
		{E80715A8-8806-4BAB-9CA1-918EAA34E075}.Debug|ARM64.Build.0 = Debug|ARM64
		{E80715A8-8806-4BAB-9CA1-918EAA34E075}.Debug|ARM64.Deploy.0 = Debug|ARM64
		{E80715A8-8806-4BAB-9CA1-918EAA34E075}.Debug|x64.ActiveCfg = Debug|x64
		{E80715A8-8806-4BAB-9CA1-918EAA34E075}.Debug|x64.Build.0 = Debug|x64
		{E80715A8-8806-4BAB-9CA1-918EAA34E075}.Debug|x64.Deploy.0 = Debug|x64
		{E80715A8-8806-4BAB-9CA1-918EAA34E075}.Debug|x86.ActiveCfg = Debug|x86
		{E80715A8-8806-4BAB-9CA1-918EAA34E075}.Debug|x86.Build.0 = Debug|x86
		{E80715A8-8806-4BAB-9CA1-918EAA34E075}.Debug|x86.Deploy.0 = Debug|x86
		{E80715A8-8806-4BAB-9CA1-918EAA34E075}.Release|Any CPU.ActiveCfg = Release|x86
		{E80715A8-8806-4BAB-9CA1-918EAA34E075}.Release|ARM.ActiveCfg = Release|ARM
		{E80715A8-8806-4BAB-9CA1-918EAA34E075}.Release|ARM.Build.0 = Release|ARM
		{E80715A8-8806-4BAB-9CA1-918EAA34E075}.Release|ARM.Deploy.0 = Release|ARM
		{E80715A8-8806-4BAB-9CA1-918EAA34E075}.Release|ARM64.ActiveCfg = Release|ARM64
		{E80715A8-8806-4BAB-9CA1-918EAA34E075}.Release|ARM64.Build.0 = Release|ARM64
		{E80715A8-8806-4BAB-9CA1-918EAA34E075}.Release|ARM64.Deploy.0 = Release|ARM64
		{E80715A8-8806-4BAB-9CA1-918EAA34E075}.Release|x64.ActiveCfg = Release|x64
		{E80715A8-8806-4BAB-9CA1-918EAA34E075}.Release|x64.Build.0 = Release|x64
		{E80715A8-8806-4BAB-9CA1-918EAA34E075}.Release|x64.Deploy.0 = Release|x64
		{E80715A8-8806-4BAB-9CA1-918EAA34E075}.Release|x86.ActiveCfg = Release|x86
		{E80715A8-8806-4BAB-9CA1-918EAA34E075}.Release|x86.Build.0 = Release|x86
		{E80715A8-8806-4BAB-9CA1-918EAA34E075}.Release|x86.Deploy.0 = Release|x86
		{52F39715-1292-40E0-BA50-D8892EC65C88}.Debug|Any CPU.ActiveCfg = Debug|Any CPU
		{52F39715-1292-40E0-BA50-D8892EC65C88}.Debug|Any CPU.Build.0 = Debug|Any CPU
		{52F39715-1292-40E0-BA50-D8892EC65C88}.Debug|ARM.ActiveCfg = Debug|Any CPU
		{52F39715-1292-40E0-BA50-D8892EC65C88}.Debug|ARM.Build.0 = Debug|Any CPU
		{52F39715-1292-40E0-BA50-D8892EC65C88}.Debug|ARM64.ActiveCfg = Debug|Any CPU
		{52F39715-1292-40E0-BA50-D8892EC65C88}.Debug|ARM64.Build.0 = Debug|Any CPU
		{52F39715-1292-40E0-BA50-D8892EC65C88}.Debug|x64.ActiveCfg = Debug|Any CPU
		{52F39715-1292-40E0-BA50-D8892EC65C88}.Debug|x64.Build.0 = Debug|Any CPU
		{52F39715-1292-40E0-BA50-D8892EC65C88}.Debug|x86.ActiveCfg = Debug|Any CPU
		{52F39715-1292-40E0-BA50-D8892EC65C88}.Debug|x86.Build.0 = Debug|Any CPU
		{52F39715-1292-40E0-BA50-D8892EC65C88}.Release|Any CPU.ActiveCfg = Release|Any CPU
		{52F39715-1292-40E0-BA50-D8892EC65C88}.Release|Any CPU.Build.0 = Release|Any CPU
		{52F39715-1292-40E0-BA50-D8892EC65C88}.Release|ARM.ActiveCfg = Release|Any CPU
		{52F39715-1292-40E0-BA50-D8892EC65C88}.Release|ARM.Build.0 = Release|Any CPU
		{52F39715-1292-40E0-BA50-D8892EC65C88}.Release|ARM64.ActiveCfg = Release|Any CPU
		{52F39715-1292-40E0-BA50-D8892EC65C88}.Release|ARM64.Build.0 = Release|Any CPU
		{52F39715-1292-40E0-BA50-D8892EC65C88}.Release|x64.ActiveCfg = Release|Any CPU
		{52F39715-1292-40E0-BA50-D8892EC65C88}.Release|x64.Build.0 = Release|Any CPU
		{52F39715-1292-40E0-BA50-D8892EC65C88}.Release|x86.ActiveCfg = Release|Any CPU
		{52F39715-1292-40E0-BA50-D8892EC65C88}.Release|x86.Build.0 = Release|Any CPU
	EndGlobalSection
	GlobalSection(SolutionProperties) = preSolution
		HideSolutionNode = FALSE
	EndGlobalSection
	GlobalSection(ExtensibilityGlobals) = postSolution
		SolutionGuid = {915FE992-9654-4B08-AD26-94C5DFBD26B5}
	EndGlobalSection
EndGlobal
